
Microsoft Visual Studio Solution File, Format Version 12.00
# Visual Studio Version 17
VisualStudioVersion = 17.13.35828.75 d17.13
MinimumVisualStudioVersion = 10.0.40219.1
Project("{8BC9CEB8-8B4A-11D0-8D11-00A0C91BC942}") = "GraphQuery_RPC_Version", "GraphQuery_RPC_Version.vcxproj", "{75AF99C7-CF27-439A-8384-F2B5BB2D50FB}"
EndProject
Global
	GlobalSection(SolutionConfigurationPlatforms) = preSolution
		Debug|x64 = Debug|x64
		Debug|x86 = Debug|x86
		Release|x64 = Release|x64
		Release|x86 = Release|x86
	EndGlobalSection
	GlobalSection(ProjectConfigurationPlatforms) = postSolution
		{75AF99C7-CF27-439A-8384-F2B5BB2D50FB}.Debug|x64.ActiveCfg = Debug|x64
		{75AF99C7-CF27-439A-8384-F2B5BB2D50FB}.Debug|x64.Build.0 = Debug|x64
		{75AF99C7-CF27-439A-8384-F2B5BB2D50FB}.Debug|x86.ActiveCfg = Debug|Win32
		{75AF99C7-CF27-439A-8384-F2B5BB2D50FB}.Debug|x86.Build.0 = Debug|Win32
		{75AF99C7-CF27-439A-8384-F2B5BB2D50FB}.Release|x64.ActiveCfg = Release|x64
		{75AF99C7-CF27-439A-8384-F2B5BB2D50FB}.Release|x64.Build.0 = Release|x64
		{75AF99C7-CF27-439A-8384-F2B5BB2D50FB}.Release|x86.ActiveCfg = Release|Win32
		{75AF99C7-CF27-439A-8384-F2B5BB2D50FB}.Release|x86.Build.0 = Release|Win32
	EndGlobalSection
	GlobalSection(SolutionProperties) = preSolution
		HideSolutionNode = FALSE
	EndGlobalSection
	GlobalSection(ExtensibilityGlobals) = postSolution
		SolutionGuid = {7F90DD8C-002F-4693-87AE-11E6C85102F0}
	EndGlobalSection
EndGlobal
